
Microsoft Visual Studio Solution File, Format Version 12.00
# Visual Studio Version 17
VisualStudioVersion = 17.5.33516.290
MinimumVisualStudioVersion = 10.0.40219.1
Project("{FAE04EC0-301F-11D3-BF4B-00C04F79EFBC}") = "WindowsFormsApp4", "WindowsFormsApp4\WindowsFormsApp4.csproj", "{4C8F3A76-2985-4C9A-9926-69E5FD1F6671}"
EndProject
Global
	GlobalSection(SolutionConfigurationPlatforms) = preSolution
		Debug|Any CPU = Debug|Any CPU
		Release|Any CPU = Release|Any CPU
	EndGlobalSection
	GlobalSection(ProjectConfigurationPlatforms) = postSolution
		{4C8F3A76-2985-4C9A-9926-69E5FD1F6671}.Debug|Any CPU.ActiveCfg = Debug|Any CPU
		{4C8F3A76-2985-4C9A-9926-69E5FD1F6671}.Debug|Any CPU.Build.0 = Debug|Any CPU
		{4C8F3A76-2985-4C9A-9926-69E5FD1F6671}.Release|Any CPU.ActiveCfg = Release|Any CPU
		{4C8F3A76-2985-4C9A-9926-69E5FD1F6671}.Release|Any CPU.Build.0 = Release|Any CPU
	EndGlobalSection
	GlobalSection(SolutionProperties) = preSolution
		HideSolutionNode = FALSE
	EndGlobalSection
	GlobalSection(ExtensibilityGlobals) = postSolution
		SolutionGuid = {168205D2-C085-47B1-846C-2ACF9478B464}
	EndGlobalSection
EndGlobal
